
Microsoft Visual Studio Solution File, Format Version 12.00
# Visual Studio Version 17
VisualStudioVersion = 17.9.34728.123
MinimumVisualStudioVersion = 10.0.40219.1
Project("{FAE04EC0-301F-11D3-BF4B-00C04F79EFBC}") = "examenparcial2", "examenparcial2\examenparcial2.csproj", "{785CD53B-9937-4E33-A444-8A3EE32DDDBB}"
EndProject
Global
	GlobalSection(SolutionConfigurationPlatforms) = preSolution
		Debug|Any CPU = Debug|Any CPU
		Release|Any CPU = Release|Any CPU
	EndGlobalSection
	GlobalSection(ProjectConfigurationPlatforms) = postSolution
		{785CD53B-9937-4E33-A444-8A3EE32DDDBB}.Debug|Any CPU.ActiveCfg = Debug|Any CPU
		{785CD53B-9937-4E33-A444-8A3EE32DDDBB}.Debug|Any CPU.Build.0 = Debug|Any CPU
		{785CD53B-9937-4E33-A444-8A3EE32DDDBB}.Release|Any CPU.ActiveCfg = Release|Any CPU
		{785CD53B-9937-4E33-A444-8A3EE32DDDBB}.Release|Any CPU.Build.0 = Release|Any CPU
	EndGlobalSection
	GlobalSection(SolutionProperties) = preSolution
		HideSolutionNode = FALSE
	EndGlobalSection
	GlobalSection(ExtensibilityGlobals) = postSolution
		SolutionGuid = {0645D462-2FE1-4631-8353-3FF790F200C2}
	EndGlobalSection
EndGlobal
